
Microsoft Visual Studio Solution File, Format Version 12.00
# Visual Studio 15
VisualStudioVersion = 15.0.27703.2026
MinimumVisualStudioVersion = 10.0.40219.1
Project("{FAE04EC0-301F-11D3-BF4B-00C04F79EFBC}") = "TcpServertest", "TcpServertest\TcpServertest.csproj", "{21558710-CA4A-4CEA-ADEB-1AD47456E778}"
EndProject
Project("{FAE04EC0-301F-11D3-BF4B-00C04F79EFBC}") = "Client", "Client\Client.csproj", "{EABC10BD-EBE3-499A-AECE-A1B2D0E8C7B6}"
EndProject
Global
	GlobalSection(SolutionConfigurationPlatforms) = preSolution
		Debug|Any CPU = Debug|Any CPU
		Release|Any CPU = Release|Any CPU
	EndGlobalSection
	GlobalSection(ProjectConfigurationPlatforms) = postSolution
		{21558710-CA4A-4CEA-ADEB-1AD47456E778}.Debug|Any CPU.ActiveCfg = Debug|Any CPU
		{21558710-CA4A-4CEA-ADEB-1AD47456E778}.Debug|Any CPU.Build.0 = Debug|Any CPU
		{21558710-CA4A-4CEA-ADEB-1AD47456E778}.Release|Any CPU.ActiveCfg = Release|Any CPU
		{21558710-CA4A-4CEA-ADEB-1AD47456E778}.Release|Any CPU.Build.0 = Release|Any CPU
		{EABC10BD-EBE3-499A-AECE-A1B2D0E8C7B6}.Debug|Any CPU.ActiveCfg = Debug|Any CPU
		{EABC10BD-EBE3-499A-AECE-A1B2D0E8C7B6}.Debug|Any CPU.Build.0 = Debug|Any CPU
		{EABC10BD-EBE3-499A-AECE-A1B2D0E8C7B6}.Release|Any CPU.ActiveCfg = Release|Any CPU
		{EABC10BD-EBE3-499A-AECE-A1B2D0E8C7B6}.Release|Any CPU.Build.0 = Release|Any CPU
	EndGlobalSection
	GlobalSection(SolutionProperties) = preSolution
		HideSolutionNode = FALSE
	EndGlobalSection
	GlobalSection(ExtensibilityGlobals) = postSolution
		SolutionGuid = {5C58C0FC-8194-41FB-B213-F661B034604F}
	EndGlobalSection
EndGlobal
